
Microsoft Visual Studio Solution File, Format Version 12.00
# Visual Studio Version 16
VisualStudioVersion = 16.0.29613.14
MinimumVisualStudioVersion = 10.0.40219.1
Project("{FAE04EC0-301F-11D3-BF4B-00C04F79EFBC}") = "Data structures and algorithms", "Data structures and algorithms\Data structures and algorithms.csproj", "{1F32EF55-72B2-4D2D-A2EB-0C5794D10071}"
EndProject
Global
	GlobalSection(SolutionConfigurationPlatforms) = preSolution
		Debug|Any CPU = Debug|Any CPU
		Release|Any CPU = Release|Any CPU
	EndGlobalSection
	GlobalSection(ProjectConfigurationPlatforms) = postSolution
		{1F32EF55-72B2-4D2D-A2EB-0C5794D10071}.Debug|Any CPU.ActiveCfg = Debug|Any CPU
		{1F32EF55-72B2-4D2D-A2EB-0C5794D10071}.Debug|Any CPU.Build.0 = Debug|Any CPU
		{1F32EF55-72B2-4D2D-A2EB-0C5794D10071}.Release|Any CPU.ActiveCfg = Release|Any CPU
		{1F32EF55-72B2-4D2D-A2EB-0C5794D10071}.Release|Any CPU.Build.0 = Release|Any CPU
	EndGlobalSection
	GlobalSection(SolutionProperties) = preSolution
		HideSolutionNode = FALSE
	EndGlobalSection
	GlobalSection(ExtensibilityGlobals) = postSolution
		SolutionGuid = {41B6714E-C013-4639-95E0-E23406EF786B}
	EndGlobalSection
EndGlobal
